// !$*UTF8*$!
{
	archiveVersion = 1;
	classes = {
	};
	objectVersion = 46;
	objects = {

/* Begin PBXBuildFile section */
		560689701C9DD42B00293A51 /* AppDelegate.swift in Sources */ = {isa = PBXBuildFile; fileRef = 5606896F1C9DD42B00293A51 /* AppDelegate.swift */; };
		560689721C9DD42B00293A51 /* ViewController.swift in Sources */ = {isa = PBXBuildFile; fileRef = 560689711C9DD42B00293A51 /* ViewController.swift */; };
		560689751C9DD42B00293A51 /* Main.storyboard in Resources */ = {isa = PBXBuildFile; fileRef = 560689731C9DD42B00293A51 /* Main.storyboard */; };
		560689771C9DD42B00293A51 /* Assets.xcassets in Resources */ = {isa = PBXBuildFile; fileRef = 560689761C9DD42B00293A51 /* Assets.xcassets */; };
		5606897A1C9DD42B00293A51 /* LaunchScreen.storyboard in Resources */ = {isa = PBXBuildFile; fileRef = 560689781C9DD42B00293A51 /* LaunchScreen.storyboard */; };
		ECC7A2AE1C9DDBA500999899 /* SideTableViewController.swift in Sources */ = {isa = PBXBuildFile; fileRef = ECC7A2AD1C9DDBA500999899 /* SideTableViewController.swift */; };
		ECC7A2B01C9DDBB600999899 /* SideTableViewCell.swift in Sources */ = {isa = PBXBuildFile; fileRef = ECC7A2AF1C9DDBB600999899 /* SideTableViewCell.swift */; };
		ECC7A2B21C9DDF8B00999899 /* MainTableViewController.swift in Sources */ = {isa = PBXBuildFile; fileRef = ECC7A2B11C9DDF8B00999899 /* MainTableViewController.swift */; };
		ECC7A2B41C9DDF9A00999899 /* MainTableViewCell.swift in Sources */ = {isa = PBXBuildFile; fileRef = ECC7A2B31C9DDF9A00999899 /* MainTableViewCell.swift */; };
		ECC7A2B61C9DE08C00999899 /* ContainerViewController.swift in Sources */ = {isa = PBXBuildFile; fileRef = ECC7A2B51C9DE08C00999899 /* ContainerViewController.swift */; };
		ECC7A2B81C9DF09900999899 /* RightTableViewController.swift in Sources */ = {isa = PBXBuildFile; fileRef = ECC7A2B71C9DF09900999899 /* RightTableViewController.swift */; };
		ECC7A2BA1C9DF0A700999899 /* RightTableViewCell.swift in Sources */ = {isa = PBXBuildFile; fileRef = ECC7A2B91C9DF0A700999899 /* RightTableViewCell.swift */; };
/* End PBXBuildFile section */

/* Begin PBXFileReference section */
		5606896C1C9DD42A00293A51 /* RSS-Project.app */ = {isa = PBXFileReference; explicitFileType = wrapper.application; includeInIndex = 0; path = "RSS-Project.app"; sourceTree = BUILT_PRODUCTS_DIR; };
		5606896F1C9DD42B00293A51 /* AppDelegate.swift */ = {isa = PBXFileReference; lastKnownFileType = sourcecode.swift; path = AppDelegate.swift; sourceTree = "<group>"; };
		560689711C9DD42B00293A51 /* ViewController.swift */ = {isa = PBXFileReference; lastKnownFileType = sourcecode.swift; path = ViewController.swift; sourceTree = "<group>"; };
		560689741C9DD42B00293A51 /* Base */ = {isa = PBXFileReference; lastKnownFileType = file.storyboard; name = Base; path = Base.lproj/Main.storyboard; sourceTree = "<group>"; };
		560689761C9DD42B00293A51 /* Assets.xcassets */ = {isa = PBXFileReference; lastKnownFileType = folder.assetcatalog; path = Assets.xcassets; sourceTree = "<group>"; };
		560689791C9DD42B00293A51 /* Base */ = {isa = PBXFileReference; lastKnownFileType = file.storyboard; name = Base; path = Base.lproj/LaunchScreen.storyboard; sourceTree = "<group>"; };
		5606897B1C9DD42B00293A51 /* Info.plist */ = {isa = PBXFileReference; lastKnownFileType = text.plist.xml; path = Info.plist; sourceTree = "<group>"; };
		ECC7A2AD1C9DDBA500999899 /* SideTableViewController.swift */ = {isa = PBXFileReference; fileEncoding = 4; lastKnownFileType = sourcecode.swift; path = SideTableViewController.swift; sourceTree = "<group>"; };
		ECC7A2AF1C9DDBB600999899 /* SideTableViewCell.swift */ = {isa = PBXFileReference; fileEncoding = 4; lastKnownFileType = sourcecode.swift; path = SideTableViewCell.swift; sourceTree = "<group>"; };
		ECC7A2B11C9DDF8B00999899 /* MainTableViewController.swift */ = {isa = PBXFileReference; fileEncoding = 4; lastKnownFileType = sourcecode.swift; path = MainTableViewController.swift; sourceTree = "<group>"; };
		ECC7A2B31C9DDF9A00999899 /* MainTableViewCell.swift */ = {isa = PBXFileReference; fileEncoding = 4; lastKnownFileType = sourcecode.swift; path = MainTableViewCell.swift; sourceTree = "<group>"; };
		ECC7A2B51C9DE08C00999899 /* ContainerViewController.swift */ = {isa = PBXFileReference; fileEncoding = 4; lastKnownFileType = sourcecode.swift; path = ContainerViewController.swift; sourceTree = "<group>"; };
		ECC7A2B71C9DF09900999899 /* RightTableViewController.swift */ = {isa = PBXFileReference; fileEncoding = 4; lastKnownFileType = sourcecode.swift; path = RightTableViewController.swift; sourceTree = "<group>"; };
		ECC7A2B91C9DF0A700999899 /* RightTableViewCell.swift */ = {isa = PBXFileReference; fileEncoding = 4; lastKnownFileType = sourcecode.swift; path = RightTableViewCell.swift; sourceTree = "<group>"; };
/* End PBXFileReference section */

/* Begin PBXFrameworksBuildPhase section */
		560689691C9DD42A00293A51 /* Frameworks */ = {
			isa = PBXFrameworksBuildPhase;
			buildActionMask = 2147483647;
			files = (
			);
			runOnlyForDeploymentPostprocessing = 0;
		};
/* End PBXFrameworksBuildPhase section */

/* Begin PBXGroup section */
		560689631C9DD42A00293A51 = {
			isa = PBXGroup;
			children = (
				5606896E1C9DD42A00293A51 /* RSS-Project */,
				5606896D1C9DD42A00293A51 /* Products */,
			);
			sourceTree = "<group>";
		};
		5606896D1C9DD42A00293A51 /* Products */ = {
			isa = PBXGroup;
			children = (
				5606896C1C9DD42A00293A51 /* RSS-Project.app */,
			);
			name = Products;
			sourceTree = "<group>";
		};
		5606896E1C9DD42A00293A51 /* RSS-Project */ = {
			isa = PBXGroup;
			children = (
				560689851C9DE3E800293A51 /* RSS */,
				5606896F1C9DD42B00293A51 /* AppDelegate.swift */,
				ECC7A2B51C9DE08C00999899 /* ContainerViewController.swift */,
				560689711C9DD42B00293A51 /* ViewController.swift */,
				560689731C9DD42B00293A51 /* Main.storyboard */,
				ECC7A2B71C9DF09900999899 /* RightTableViewController.swift */,
				ECC7A2B91C9DF0A700999899 /* RightTableViewCell.swift */,
				ECC7A2B11C9DDF8B00999899 /* MainTableViewController.swift */,
				ECC7A2B31C9DDF9A00999899 /* MainTableViewCell.swift */,
				560689761C9DD42B00293A51 /* Assets.xcassets */,
				ECC7A2AD1C9DDBA500999899 /* SideTableViewController.swift */,
				ECC7A2AF1C9DDBB600999899 /* SideTableViewCell.swift */,
				560689781C9DD42B00293A51 /* LaunchScreen.storyboard */,
				5606897B1C9DD42B00293A51 /* Info.plist */,
				560689831C9DD57100293A51 /* StringExtensions.swift */,
				5606898E1C9DED2000293A51 /* Settings.swift */,
			);
			path = "RSS-Project";
			sourceTree = "<group>";
		};
		560689851C9DE3E800293A51 /* RSS */ = {
			isa = PBXGroup;
			children = (
				5606898C1C9DE42300293A51 /* RSSParserDelegate.swift */,
				560689811C9DD4CB00293A51 /* RSSParser.swift */,
				560689901C9DF5F100293A51 /* RSSCollection.swift */,
				560689861C9DE3FB00293A51 /* RSSFeed.swift */,
				560689881C9DE40B00293A51 /* RSSChannel.swift */,
				5606898A1C9DE41400293A51 /* RSSEntry.swift */,
			);
			name = RSS;
			sourceTree = "<group>";
		};
/* End PBXGroup section */

/* Begin PBXNativeTarget section */
		5606896B1C9DD42A00293A51 /* RSS-Project */ = {
			isa = PBXNativeTarget;
			buildConfigurationList = 5606897E1C9DD42B00293A51 /* Build configuration list for PBXNativeTarget "RSS-Project" */;
			buildPhases = (
				560689681C9DD42A00293A51 /* Sources */,
				560689691C9DD42A00293A51 /* Frameworks */,
				5606896A1C9DD42A00293A51 /* Resources */,
			);
			buildRules = (
			);
			dependencies = (
			);
			name = "RSS-Project";
			productName = "RSS-Project";
			productReference = 5606896C1C9DD42A00293A51 /* RSS-Project.app */;
			productType = "com.apple.product-type.application";
		};
/* End PBXNativeTarget section */

/* Begin PBXProject section */
		560689641C9DD42A00293A51 /* Project object */ = {
			isa = PBXProject;
			attributes = {
				LastSwiftUpdateCheck = 0720;
				LastUpgradeCheck = 0720;
				ORGANIZATIONNAME = "Wilfrid Laurier University";
				TargetAttributes = {
					5606896B1C9DD42A00293A51 = {
						CreatedOnToolsVersion = 7.2;
					};
				};
			};
			buildConfigurationList = 560689671C9DD42A00293A51 /* Build configuration list for PBXProject "RSS-Project" */;
			compatibilityVersion = "Xcode 3.2";
			developmentRegion = English;
			hasScannedForEncodings = 0;
			knownRegions = (
				en,
				Base,
			);
			mainGroup = 560689631C9DD42A00293A51;
			productRefGroup = 5606896D1C9DD42A00293A51 /* Products */;
			projectDirPath = "";
			projectRoot = "";
			targets = (
				5606896B1C9DD42A00293A51 /* RSS-Project */,
			);
		};
/* End PBXProject section */

/* Begin PBXResourcesBuildPhase section */
		5606896A1C9DD42A00293A51 /* Resources */ = {
			isa = PBXResourcesBuildPhase;
			buildActionMask = 2147483647;
			files = (
				5606897A1C9DD42B00293A51 /* LaunchScreen.storyboard in Resources */,
				560689771C9DD42B00293A51 /* Assets.xcassets in Resources */,
				560689751C9DD42B00293A51 /* Main.storyboard in Resources */,
			);
			runOnlyForDeploymentPostprocessing = 0;
		};
/* End PBXResourcesBuildPhase section */

/* Begin PBXSourcesBuildPhase section */
		560689681C9DD42A00293A51 /* Sources */ = {
			isa = PBXSourcesBuildPhase;
			buildActionMask = 2147483647;
			files = (
				5606898B1C9DE41400293A51 /* RSSEntry.swift in Sources */,
				560689841C9DD57100293A51 /* StringExtensions.swift in Sources */,
				5606898D1C9DE42400293A51 /* RSSParserDelegate.swift in Sources */,
				560689721C9DD42B00293A51 /* ViewController.swift in Sources */,
				560689911C9DF5F100293A51 /* RSSCollection.swift in Sources */,
				560689821C9DD4CB00293A51 /* RSSParser.swift in Sources */,
				560689871C9DE3FB00293A51 /* RSSFeed.swift in Sources */,
				5606898F1C9DED2000293A51 /* Settings.swift in Sources */,
				560689891C9DE40B00293A51 /* RSSChannel.swift in Sources */,
				560689701C9DD42B00293A51 /* AppDelegate.swift in Sources */,
				ECC7A2BA1C9DF0A700999899 /* RightTableViewCell.swift in Sources */,
				ECC7A2B61C9DE08C00999899 /* ContainerViewController.swift in Sources */,
				ECC7A2B01C9DDBB600999899 /* SideTableViewCell.swift in Sources */,
				ECC7A2B21C9DDF8B00999899 /* MainTableViewController.swift in Sources */,
				ECC7A2B41C9DDF9A00999899 /* MainTableViewCell.swift in Sources */,
				ECC7A2B81C9DF09900999899 /* RightTableViewController.swift in Sources */,
				ECC7A2AE1C9DDBA500999899 /* SideTableViewController.swift in Sources */,
			);
			runOnlyForDeploymentPostprocessing = 0;
		};
/* End PBXSourcesBuildPhase section */

/* Begin PBXVariantGroup section */
		560689731C9DD42B00293A51 /* Main.storyboard */ = {
			isa = PBXVariantGroup;
			children = (
				560689741C9DD42B00293A51 /* Base */,
			);
			name = Main.storyboard;
			sourceTree = "<group>";
		};
		560689781C9DD42B00293A51 /* LaunchScreen.storyboard */ = {
			isa = PBXVariantGroup;
			children = (
				560689791C9DD42B00293A51 /* Base */,
			);
			name = LaunchScreen.storyboard;
			sourceTree = "<group>";
		};
/* End PBXVariantGroup section */

/* Begin XCBuildConfiguration section */
		5606897C1C9DD42B00293A51 /* Debug */ = {
			isa = XCBuildConfiguration;
			buildSettings = {
				ALWAYS_SEARCH_USER_PATHS = NO;
				CLANG_CXX_LANGUAGE_STANDARD = "gnu++0x";
				CLANG_CXX_LIBRARY = "libc++";
				CLANG_ENABLE_MODULES = YES;
				CLANG_ENABLE_OBJC_ARC = YES;
				CLANG_WARN_BOOL_CONVERSION = YES;
				CLANG_WARN_CONSTANT_CONVERSION = YES;
				CLANG_WARN_DIRECT_OBJC_ISA_USAGE = YES_ERROR;
				CLANG_WARN_EMPTY_BODY = YES;
				CLANG_WARN_ENUM_CONVERSION = YES;
				CLANG_WARN_INT_CONVERSION = YES;
				CLANG_WARN_OBJC_ROOT_CLASS = YES_ERROR;
				CLANG_WARN_UNREACHABLE_CODE = YES;
				CLANG_WARN__DUPLICATE_METHOD_MATCH = YES;
				"CODE_SIGN_IDENTITY[sdk=iphoneos*]" = "iPhone Developer";
				COPY_PHASE_STRIP = NO;
				DEBUG_INFORMATION_FORMAT = dwarf;
				ENABLE_STRICT_OBJC_MSGSEND = YES;
				ENABLE_TESTABILITY = YES;
				GCC_C_LANGUAGE_STANDARD = gnu99;
				GCC_DYNAMIC_NO_PIC = NO;
				GCC_NO_COMMON_BLOCKS = YES;
				GCC_OPTIMIZATION_LEVEL = 0;
				GCC_PREPROCESSOR_DEFINITIONS = (
					"DEBUG=1",
					"$(inherited)",
				);
				GCC_WARN_64_TO_32_BIT_CONVERSION = YES;
				GCC_WARN_ABOUT_RETURN_TYPE = YES_ERROR;
				GCC_WARN_UNDECLARED_SELECTOR = YES;
				GCC_WARN_UNINITIALIZED_AUTOS = YES_AGGRESSIVE;
				GCC_WARN_UNUSED_FUNCTION = YES;
				GCC_WARN_UNUSED_VARIABLE = YES;
				IPHONEOS_DEPLOYMENT_TARGET = 9.2;
				MTL_ENABLE_DEBUG_INFO = YES;
				ONLY_ACTIVE_ARCH = YES;
				SDKROOT = iphoneos;
				SWIFT_OPTIMIZATION_LEVEL = "-Onone";
				TARGETED_DEVICE_FAMILY = "1,2";
			};
			name = Debug;
		};
		5606897D1C9DD42B00293A51 /* Release */ = {
			isa = XCBuildConfiguration;
			buildSettings = {
				ALWAYS_SEARCH_USER_PATHS = NO;
				CLANG_CXX_LANGUAGE_STANDARD = "gnu++0x";
				CLANG_CXX_LIBRARY = "libc++";
				CLANG_ENABLE_MODULES = YES;
				CLANG_ENABLE_OBJC_ARC = YES;
				CLANG_WARN_BOOL_CONVERSION = YES;
				CLANG_WARN_CONSTANT_CONVERSION = YES;
				CLANG_WARN_DIRECT_OBJC_ISA_USAGE = YES_ERROR;
				CLANG_WARN_EMPTY_BODY = YES;
				CLANG_WARN_ENUM_CONVERSION = YES;
				CLANG_WARN_INT_CONVERSION = YES;
				CLANG_WARN_OBJC_ROOT_CLASS = YES_ERROR;
				CLANG_WARN_UNREACHABLE_CODE = YES;
				CLANG_WARN__DUPLICATE_METHOD_MATCH = YES;
				"CODE_SIGN_IDENTITY[sdk=iphoneos*]" = "iPhone Developer";
				COPY_PHASE_STRIP = NO;
				DEBUG_INFORMATION_FORMAT = "dwarf-with-dsym";
				ENABLE_NS_ASSERTIONS = NO;
				ENABLE_STRICT_OBJC_MSGSEND = YES;
				GCC_C_LANGUAGE_STANDARD = gnu99;
				GCC_NO_COMMON_BLOCKS = YES;
				GCC_WARN_64_TO_32_BIT_CONVERSION = YES;
				GCC_WARN_ABOUT_RETURN_TYPE = YES_ERROR;
				GCC_WARN_UNDECLARED_SELECTOR = YES;
				GCC_WARN_UNINITIALIZED_AUTOS = YES_AGGRESSIVE;
				GCC_WARN_UNUSED_FUNCTION = YES;
				GCC_WARN_UNUSED_VARIABLE = YES;
				IPHONEOS_DEPLOYMENT_TARGET = 9.2;
				MTL_ENABLE_DEBUG_INFO = NO;
				SDKROOT = iphoneos;
				TARGETED_DEVICE_FAMILY = "1,2";
				VALIDATE_PRODUCT = YES;
			};
			name = Release;
		};
		5606897F1C9DD42B00293A51 /* Debug */ = {
			isa = XCBuildConfiguration;
			buildSettings = {
				ASSETCATALOG_COMPILER_APPICON_NAME = AppIcon;
				INFOPLIST_FILE = "RSS-Project/Info.plist";
				LD_RUNPATH_SEARCH_PATHS = "$(inherited) @executable_path/Frameworks";
				PRODUCT_BUNDLE_IDENTIFIER = "ca.wlu.RSS-Project";
				PRODUCT_NAME = "$(TARGET_NAME)";
			};
			name = Debug;
		};
		560689801C9DD42B00293A51 /* Release */ = {
			isa = XCBuildConfiguration;
			buildSettings = {
				ASSETCATALOG_COMPILER_APPICON_NAME = AppIcon;
				INFOPLIST_FILE = "RSS-Project/Info.plist";
				LD_RUNPATH_SEARCH_PATHS = "$(inherited) @executable_path/Frameworks";
				PRODUCT_BUNDLE_IDENTIFIER = "ca.wlu.RSS-Project";
				PRODUCT_NAME = "$(TARGET_NAME)";
			};
			name = Release;
		};
/* End XCBuildConfiguration section */

/* Begin XCConfigurationList section */
		560689671C9DD42A00293A51 /* Build configuration list for PBXProject "RSS-Project" */ = {
			isa = XCConfigurationList;
			buildConfigurations = (
				5606897C1C9DD42B00293A51 /* Debug */,
				5606897D1C9DD42B00293A51 /* Release */,
			);
			defaultConfigurationIsVisible = 0;
			defaultConfigurationName = Release;
		};
		5606897E1C9DD42B00293A51 /* Build configuration list for PBXNativeTarget "RSS-Project" */ = {
			isa = XCConfigurationList;
			buildConfigurations = (
				5606897F1C9DD42B00293A51 /* Debug */,
				560689801C9DD42B00293A51 /* Release */,
			);
			defaultConfigurationIsVisible = 0;
			defaultConfigurationName = Release;
		};
/* End XCConfigurationList section */
	};
	rootObject = 560689641C9DD42A00293A51 /* Project object */;
}
